github.com/andybalholm/brotli v1.2.0 h1:ukwgCxwYrmACq68yiUqwIWnGY0cTPox/M94sVwToPjQ=
github.com/andybalholm/brotli v1.2.0/go.mod h1:rzTDkvFWvIrjDXZHkuS16NPggd91W3kUSvPlQ1pLaKY=
github.com/cloudflare/circl v1.5.0 h1:hxIWksrX6XN5a1L2TI/h53AGPhNHoUBo+TD1ms9+pys=
github.com/cloudflare/circl v1.5.0/go.mod h1:uddAzsPgqdMAYatqJ0lsjX1oECcQLIlRpzZh3pJrofs=
github.com/google/go-cmp v0.7.0 h1:wk8382ETsv4JYUZwIsn6YpYiWiBsYLSJiTsyBybVuN8=
github.com/google/go-cmp v0.7.0/go.mod h1:pXiqmnSA92OHEEa9HXL2W4E7lf9JzCmGVUdgjX3N/iU=
github.com/klauspost/compress v1.18.3 h1:9PJRvfbmTabkOX8moIpXPbMMbYN60bWImDDU7L+/6zw=
github.com/klauspost/compress v1.18.3/go.mod h1:R0h/fSBs8DE4ENlcrlib3PsXS61voFxhIs2DeRhCvJ4=
github.com/xyproto/randomstring v1.0.5 h1:YtlWPoRdgMu3NZtP45drfy1GKoojuR7hmRcnhZqKjWU=
github.com/xyproto/randomstring v1.0.5/go.mod h1:rgmS5DeNXLivK7YprL0pY+lTuhNQW3iGxZ18UQApw/E=
gitlab.torproject.org/shelikhoo/utls-temporary v0.0.0-20260114141111-0f042ad603ef h1:EjqrOEAMf6S/zOB1qQUILNd2t8kbCnJNSUCqaNPXXXc=
gitlab.torproject.org/shelikhoo/utls-temporary v0.0.0-20260114141111-0f042ad603ef/go.mod h1:BC3O4vQzye5hqpmDTWUqi4P5DDhzJfkV1tdqtawQIH0=
gitlab.torproject.org/tpo/anti-censorship/pluggable-transports/goptlib v1.6.0 h1:KD9m+mRBwtEdqe94Sv72uiedMWeRdIr4sXbrRyzRiIo=
gitlab.torproject.org/tpo/anti-censorship/pluggable-transports/goptlib v1.6.0/go.mod h1:70bhd4JKW/+1HLfm+TMrgHJsUHG4coelMWwiVEJ2gAg=
gitlab.torproject.org/tpo/anti-censorship/pluggable-transports/lyrebird v0.0.0-20260312101154-fc105a03c0e0 h1:uzPZpf45zlpdB/Gyk8P+QGjsuEeReitMpsaPiBmHncM=
gitlab.torproject.org/tpo/anti-censorship/pluggable-transports/lyrebird v0.0.0-20260312101154-fc105a03c0e0/go.mod h1:uCIr865SJMJ4LHn90G3+L/MmMCA8cix7ZAvV74HcWLo=
gitlab.torproject.org/tpo/anti-censorship/pluggable-transports/webtunnel v0.0.3 h1:/uY4/KT/U4+mFznyb8UUIs/KJoWc6ShbaGTefQ+LJvE=
gitlab.torproject.org/tpo/anti-censorship/pluggable-transports/webtunnel v0.0.3/go.mod h1:aEzSbkzOc38Cg7gLg0BmRDwQgxwjbbKSiAv052xTS7I=
golang.org/x/crypto v0.53.0 h1:QZ4Muo8THX6CizN2vPPd5fBGHyogrdK9fG4wLPFUsto=
golang.org/x/crypto v0.53.0/go.mod h1:DNLU434OwVakk9PzuwV8w62mAJpRJL3vsgcfp4Qnsio=
golang.org/x/mobile v0.0.0-20260611195102-4dd8f1dbf5d2 h1:zoM1gIKhVkcQNm43kad8OHLgPNoJ12xIqmxHtKr8Mug=
golang.org/x/mobile v0.0.0-20260611195102-4dd8f1dbf5d2/go.mod h1:QGMqsqLn6orFQ/ksqYMf+Fa33Soa1vPoHEd0Pj7N+lQ=
golang.org/x/mod v0.37.0 h1:vF1DjpVEshcIqoEaauuHebaLk1O1forxjxBaVn884JQ=
golang.org/x/mod v0.37.0/go.mod h1:m8S8VeM9r4dzDwjrKO0a1sZP3YjeMamRRlD+fmR2Q/0=
golang.org/x/net v0.56.0 h1:Rw8j/hFzGvJUZwNBXnAtf5sVDVt+65SK2C7IxCxZt5o=
golang.org/x/net v0.56.0/go.mod h1:D3Ku6r+V6JROoZK144D2XfMHFcMq/0zSfLelVTCFKec=
golang.org/x/sync v0.21.0 h1:HLII4xRRTtCRkxYp4HNFF0Js/Og6q2i++KXbg0gHCwM=
golang.org/x/sync v0.21.0/go.mod h1:9xrNwdLfx4jkKbNva9FpL6vEN7evnE43NNNJQ2LF3+0=
golang.org/x/sys v0.46.0 h1:noSf2Fq6F8DBgS+LysIkx7rIExoNHJsxOAtPp4rthXw=
golang.org/x/sys v0.46.0/go.mod h1:4GL1E5IUh+htKOUEOaiffhrAeqysfVGipDYzABqnCmw=
golang.org/x/tools v0.46.0 h1:7jTurBkPZu4moS/Uy4OQT1M+QBlsj3wejyZwsT8Z7rk=
golang.org/x/tools v0.46.0/go.mod h1:FrD85F8l+NWL+9XWBSyVSHO6Ne4jutsfIFba7AWQ5Ys=
golang.org/x/tools/go/expect v0.1.1-deprecated h1:jpBZDwmgPhXsKZC6WhL20P4b/wmnpsEAGHaNy0n/rJM=
golang.org/x/tools/go/expect v0.1.1-deprecated/go.mod h1:eihoPOH+FgIqa3FpoTwguz/bVUSGBlGQU67vpBeOrBY=
golang.org/x/tools/go/packages/packagestest v0.1.1-deprecated h1:1h2MnaIAIXISqTFKdENegdpAgUXz6NrPEsbIeWaBRvM=
golang.org/x/tools/go/packages/packagestest v0.1.1-deprecated/go.mod h1:RVAQXBGNv1ib0J382/DPCRS/BPnsGebyM1Gj5VSDpG8=
